
Microsoft Visual Studio Solution File, Format Version 12.00
# Visual Studio 15
VisualStudioVersion = 15.0.26124.0
MinimumVisualStudioVersion = 15.0.26124.0
Project("{FAE04EC0-301F-11D3-BF4B-00C04F79EFBC}") = "GameTOP", "Gametop\GameTOP.csproj", "{15846A73-FCC4-413D-BCA5-5F0A0BFD9CA7}"
EndProject
Project("{FAE04EC0-301F-11D3-BF4B-00C04F79EFBC}") = "GameTOP.Lib", "GameTop.Lib\GameTOP.Lib.csproj", "{C05E4E87-5E63-4DED-993D-00B198916201}"
EndProject
Project("{FAE04EC0-301F-11D3-BF4B-00C04F79EFBC}") = "GameTOP.Interface", "GameTOP.Interface\GameTOP.Interface.csproj", "{88804BF7-33B5-40CF-AB75-C1FDBA5E4868}"
EndProject
Global
	GlobalSection(SolutionConfigurationPlatforms) = preSolution
		Debug|Any CPU = Debug|Any CPU
		Debug|x64 = Debug|x64
		Debug|x86 = Debug|x86
		Release|Any CPU = Release|Any CPU
		Release|x64 = Release|x64
		Release|x86 = Release|x86
	EndGlobalSection
	GlobalSection(SolutionProperties) = preSolution
		HideSolutionNode = FALSE
	EndGlobalSection
	GlobalSection(ProjectConfigurationPlatforms) = postSolution
		{15846A73-FCC4-413D-BCA5-5F0A0BFD9CA7}.Debug|Any CPU.ActiveCfg = Debug|Any CPU
		{15846A73-FCC4-413D-BCA5-5F0A0BFD9CA7}.Debug|Any CPU.Build.0 = Debug|Any CPU
		{15846A73-FCC4-413D-BCA5-5F0A0BFD9CA7}.Debug|x64.ActiveCfg = Debug|Any CPU
		{15846A73-FCC4-413D-BCA5-5F0A0BFD9CA7}.Debug|x64.Build.0 = Debug|Any CPU
		{15846A73-FCC4-413D-BCA5-5F0A0BFD9CA7}.Debug|x86.ActiveCfg = Debug|Any CPU
		{15846A73-FCC4-413D-BCA5-5F0A0BFD9CA7}.Debug|x86.Build.0 = Debug|Any CPU
		{15846A73-FCC4-413D-BCA5-5F0A0BFD9CA7}.Release|Any CPU.ActiveCfg = Release|Any CPU
		{15846A73-FCC4-413D-BCA5-5F0A0BFD9CA7}.Release|Any CPU.Build.0 = Release|Any CPU
		{15846A73-FCC4-413D-BCA5-5F0A0BFD9CA7}.Release|x64.ActiveCfg = Release|Any CPU
		{15846A73-FCC4-413D-BCA5-5F0A0BFD9CA7}.Release|x64.Build.0 = Release|Any CPU
		{15846A73-FCC4-413D-BCA5-5F0A0BFD9CA7}.Release|x86.ActiveCfg = Release|Any CPU
		{15846A73-FCC4-413D-BCA5-5F0A0BFD9CA7}.Release|x86.Build.0 = Release|Any CPU
		{C05E4E87-5E63-4DED-993D-00B198916201}.Debug|Any CPU.ActiveCfg = Debug|Any CPU
		{C05E4E87-5E63-4DED-993D-00B198916201}.Debug|Any CPU.Build.0 = Debug|Any CPU
		{C05E4E87-5E63-4DED-993D-00B198916201}.Debug|x64.ActiveCfg = Debug|Any CPU
		{C05E4E87-5E63-4DED-993D-00B198916201}.Debug|x64.Build.0 = Debug|Any CPU
		{C05E4E87-5E63-4DED-993D-00B198916201}.Debug|x86.ActiveCfg = Debug|Any CPU
		{C05E4E87-5E63-4DED-993D-00B198916201}.Debug|x86.Build.0 = Debug|Any CPU
		{C05E4E87-5E63-4DED-993D-00B198916201}.Release|Any CPU.ActiveCfg = Release|Any CPU
		{C05E4E87-5E63-4DED-993D-00B198916201}.Release|Any CPU.Build.0 = Release|Any CPU
		{C05E4E87-5E63-4DED-993D-00B198916201}.Release|x64.ActiveCfg = Release|Any CPU
		{C05E4E87-5E63-4DED-993D-00B198916201}.Release|x64.Build.0 = Release|Any CPU
		{C05E4E87-5E63-4DED-993D-00B198916201}.Release|x86.ActiveCfg = Release|Any CPU
		{C05E4E87-5E63-4DED-993D-00B198916201}.Release|x86.Build.0 = Release|Any CPU
		{88804BF7-33B5-40CF-AB75-C1FDBA5E4868}.Debug|Any CPU.ActiveCfg = Debug|Any CPU
		{88804BF7-33B5-40CF-AB75-C1FDBA5E4868}.Debug|Any CPU.Build.0 = Debug|Any CPU
		{88804BF7-33B5-40CF-AB75-C1FDBA5E4868}.Debug|x64.ActiveCfg = Debug|Any CPU
		{88804BF7-33B5-40CF-AB75-C1FDBA5E4868}.Debug|x64.Build.0 = Debug|Any CPU
		{88804BF7-33B5-40CF-AB75-C1FDBA5E4868}.Debug|x86.ActiveCfg = Debug|Any CPU
		{88804BF7-33B5-40CF-AB75-C1FDBA5E4868}.Debug|x86.Build.0 = Debug|Any CPU
		{88804BF7-33B5-40CF-AB75-C1FDBA5E4868}.Release|Any CPU.ActiveCfg = Release|Any CPU
		{88804BF7-33B5-40CF-AB75-C1FDBA5E4868}.Release|Any CPU.Build.0 = Release|Any CPU
		{88804BF7-33B5-40CF-AB75-C1FDBA5E4868}.Release|x64.ActiveCfg = Release|Any CPU
		{88804BF7-33B5-40CF-AB75-C1FDBA5E4868}.Release|x64.Build.0 = Release|Any CPU
		{88804BF7-33B5-40CF-AB75-C1FDBA5E4868}.Release|x86.ActiveCfg = Release|Any CPU
		{88804BF7-33B5-40CF-AB75-C1FDBA5E4868}.Release|x86.Build.0 = Release|Any CPU
	EndGlobalSection
EndGlobal
